// !$*UTF8*$!
{
	archiveVersion = 1;
	classes = {
	};
	objectVersion = 50;
	objects = {

/* Begin PBXBuildFile section */
		58AD52002133ACDE00F19388 /* AppDelegate.swift in Sources */ = {isa = PBXBuildFile; fileRef = 58AD51FF2133ACDE00F19388 /* AppDelegate.swift */; };
		58AD52022133ACDF00F19388 /* ViewController.swift in Sources */ = {isa = PBXBuildFile; fileRef = 58AD52012133ACDF00F19388 /* ViewController.swift */; };
		58AD52052133ACDF00F19388 /* Main.storyboard in Resources */ = {isa = PBXBuildFile; fileRef = 58AD52032133ACDF00F19388 /* Main.storyboard */; };
		58AD52072133ACE000F19388 /* Assets.xcassets in Resources */ = {isa = PBXBuildFile; fileRef = 58AD52062133ACE000F19388 /* Assets.xcassets */; };
		58AD520A2133ACE000F19388 /* LaunchScreen.storyboard in Resources */ = {isa = PBXBuildFile; fileRef = 58AD52082133ACE000F19388 /* LaunchScreen.storyboard */; };
		58AD52152133ACE000F19388 /* Example_iOSTests.swift in Sources */ = {isa = PBXBuildFile; fileRef = 58AD52142133ACE000F19388 /* Example_iOSTests.swift */; };
		58AD52202133ACE000F19388 /* Example_iOSUITests.swift in Sources */ = {isa = PBXBuildFile; fileRef = 58AD521F2133ACE000F19388 /* Example_iOSUITests.swift */; };
		58AD52372133C3C200F19388 /* Analyst.framework in Frameworks */ = {isa = PBXBuildFile; fileRef = 58AD52362133C3C200F19388 /* Analyst.framework */; };
/* End PBXBuildFile section */

/* Begin PBXContainerItemProxy section */
		58AD52112133ACE000F19388 /* PBXContainerItemProxy */ = {
			isa = PBXContainerItemProxy;
			containerPortal = 58AD51F42133ACDE00F19388 /* Project object */;
			proxyType = 1;
			remoteGlobalIDString = 58AD51FB2133ACDE00F19388;
			remoteInfo = "Example-iOS";
		};
		58AD521C2133ACE000F19388 /* PBXContainerItemProxy */ = {
			isa = PBXContainerItemProxy;
			containerPortal = 58AD51F42133ACDE00F19388 /* Project object */;
			proxyType = 1;
			remoteGlobalIDString = 58AD51FB2133ACDE00F19388;
			remoteInfo = "Example-iOS";
		};
/* End PBXContainerItemProxy section */

/* Begin PBXFileReference section */
		58AD51FC2133ACDE00F19388 /* Example-iOS.app */ = {isa = PBXFileReference; explicitFileType = wrapper.application; includeInIndex = 0; path = "Example-iOS.app"; sourceTree = BUILT_PRODUCTS_DIR; };
		58AD51FF2133ACDE00F19388 /* AppDelegate.swift */ = {isa = PBXFileReference; lastKnownFileType = sourcecode.swift; path = AppDelegate.swift; sourceTree = "<group>"; };
		58AD52012133ACDF00F19388 /* ViewController.swift */ = {isa = PBXFileReference; lastKnownFileType = sourcecode.swift; path = ViewController.swift; sourceTree = "<group>"; };
		58AD52042133ACDF00F19388 /* Base */ = {isa = PBXFileReference; lastKnownFileType = file.storyboard; name = Base; path = Base.lproj/Main.storyboard; sourceTree = "<group>"; };
		58AD52062133ACE000F19388 /* Assets.xcassets */ = {isa = PBXFileReference; lastKnownFileType = folder.assetcatalog; path = Assets.xcassets; sourceTree = "<group>"; };
		58AD52092133ACE000F19388 /* Base */ = {isa = PBXFileReference; lastKnownFileType = file.storyboard; name = Base; path = Base.lproj/LaunchScreen.storyboard; sourceTree = "<group>"; };
		58AD520B2133ACE000F19388 /* Info.plist */ = {isa = PBXFileReference; lastKnownFileType = text.plist.xml; path = Info.plist; sourceTree = "<group>"; };
		58AD52102133ACE000F19388 /* Example-iOSTests.xctest */ = {isa = PBXFileReference; explicitFileType = wrapper.cfbundle; includeInIndex = 0; path = "Example-iOSTests.xctest"; sourceTree = BUILT_PRODUCTS_DIR; };
		58AD52142133ACE000F19388 /* Example_iOSTests.swift */ = {isa = PBXFileReference; lastKnownFileType = sourcecode.swift; path = Example_iOSTests.swift; sourceTree = "<group>"; };
		58AD52162133ACE000F19388 /* Info.plist */ = {isa = PBXFileReference; lastKnownFileType = text.plist.xml; path = Info.plist; sourceTree = "<group>"; };
		58AD521B2133ACE000F19388 /* Example-iOSUITests.xctest */ = {isa = PBXFileReference; explicitFileType = wrapper.cfbundle; includeInIndex = 0; path = "Example-iOSUITests.xctest"; sourceTree = BUILT_PRODUCTS_DIR; };
		58AD521F2133ACE000F19388 /* Example_iOSUITests.swift */ = {isa = PBXFileReference; lastKnownFileType = sourcecode.swift; path = Example_iOSUITests.swift; sourceTree = "<group>"; };
		58AD52212133ACE000F19388 /* Info.plist */ = {isa = PBXFileReference; lastKnownFileType = text.plist.xml; path = Info.plist; sourceTree = "<group>"; };
		58AD52322133C20100F19388 /* Analyst_iOS.framework */ = {isa = PBXFileReference; explicitFileType = wrapper.framework; path = Analyst_iOS.framework; sourceTree = BUILT_PRODUCTS_DIR; };
		58AD52342133C26100F19388 /* Analyst_iOS.framework */ = {isa = PBXFileReference; explicitFileType = wrapper.framework; path = Analyst_iOS.framework; sourceTree = BUILT_PRODUCTS_DIR; };
		58AD52362133C3C200F19388 /* Analyst.framework */ = {isa = PBXFileReference; explicitFileType = wrapper.framework; path = Analyst.framework; sourceTree = BUILT_PRODUCTS_DIR; };
/* End PBXFileReference section */

/* Begin PBXFrameworksBuildPhase section */
		58AD51F92133ACDE00F19388 /* Frameworks */ = {
			isa = PBXFrameworksBuildPhase;
			buildActionMask = 2147483647;
			files = (
				58AD52372133C3C200F19388 /* Analyst.framework in Frameworks */,
			);
			runOnlyForDeploymentPostprocessing = 0;
		};
		58AD520D2133ACE000F19388 /* Frameworks */ = {
			isa = PBXFrameworksBuildPhase;
			buildActionMask = 2147483647;
			files = (
			);
			runOnlyForDeploymentPostprocessing = 0;
		};
		58AD52182133ACE000F19388 /* Frameworks */ = {
			isa = PBXFrameworksBuildPhase;
			buildActionMask = 2147483647;
			files = (
			);
			runOnlyForDeploymentPostprocessing = 0;
		};
/* End PBXFrameworksBuildPhase section */

/* Begin PBXGroup section */
		58AD51F32133ACDE00F19388 = {
			isa = PBXGroup;
			children = (
				58AD51FE2133ACDE00F19388 /* Example-iOS */,
				58AD52132133ACE000F19388 /* Example-iOSTests */,
				58AD521E2133ACE000F19388 /* Example-iOSUITests */,
				58AD51FD2133ACDE00F19388 /* Products */,
				58AD52312133C20100F19388 /* Frameworks */,
			);
			sourceTree = "<group>";
		};
		58AD51FD2133ACDE00F19388 /* Products */ = {
			isa = PBXGroup;
			children = (
				58AD51FC2133ACDE00F19388 /* Example-iOS.app */,
				58AD52102133ACE000F19388 /* Example-iOSTests.xctest */,
				58AD521B2133ACE000F19388 /* Example-iOSUITests.xctest */,
			);
			name = Products;
			sourceTree = "<group>";
		};
		58AD51FE2133ACDE00F19388 /* Example-iOS */ = {
			isa = PBXGroup;
			children = (
				58AD51FF2133ACDE00F19388 /* AppDelegate.swift */,
				58AD52012133ACDF00F19388 /* ViewController.swift */,
				58AD52032133ACDF00F19388 /* Main.storyboard */,
				58AD52062133ACE000F19388 /* Assets.xcassets */,
				58AD52082133ACE000F19388 /* LaunchScreen.storyboard */,
				58AD520B2133ACE000F19388 /* Info.plist */,
			);
			path = "Example-iOS";
			sourceTree = "<group>";
		};
		58AD52132133ACE000F19388 /* Example-iOSTests */ = {
			isa = PBXGroup;
			children = (
				58AD52142133ACE000F19388 /* Example_iOSTests.swift */,
				58AD52162133ACE000F19388 /* Info.plist */,
			);
			path = "Example-iOSTests";
			sourceTree = "<group>";
		};
		58AD521E2133ACE000F19388 /* Example-iOSUITests */ = {
			isa = PBXGroup;
			children = (
				58AD521F2133ACE000F19388 /* Example_iOSUITests.swift */,
				58AD52212133ACE000F19388 /* Info.plist */,
			);
			path = "Example-iOSUITests";
			sourceTree = "<group>";
		};
		58AD52312133C20100F19388 /* Frameworks */ = {
			isa = PBXGroup;
			children = (
				58AD52362133C3C200F19388 /* Analyst.framework */,
				58AD52342133C26100F19388 /* Analyst_iOS.framework */,
				58AD52322133C20100F19388 /* Analyst_iOS.framework */,
			);
			name = Frameworks;
			sourceTree = "<group>";
		};
/* End PBXGroup section */

/* Begin PBXNativeTarget section */
		58AD51FB2133ACDE00F19388 /* Example-iOS */ = {
			isa = PBXNativeTarget;
			buildConfigurationList = 58AD52242133ACE000F19388 /* Build configuration list for PBXNativeTarget "Example-iOS" */;
			buildPhases = (
				58AD51F82133ACDE00F19388 /* Sources */,
				58AD51F92133ACDE00F19388 /* Frameworks */,
				58AD51FA2133ACDE00F19388 /* Resources */,
			);
			buildRules = (
			);
			dependencies = (
			);
			name = "Example-iOS";
			productName = "Example-iOS";
			productReference = 58AD51FC2133ACDE00F19388 /* Example-iOS.app */;
			productType = "com.apple.product-type.application";
		};
		58AD520F2133ACE000F19388 /* Example-iOSTests */ = {
			isa = PBXNativeTarget;
			buildConfigurationList = 58AD52272133ACE000F19388 /* Build configuration list for PBXNativeTarget "Example-iOSTests" */;
			buildPhases = (
				58AD520C2133ACE000F19388 /* Sources */,
				58AD520D2133ACE000F19388 /* Frameworks */,
				58AD520E2133ACE000F19388 /* Resources */,
			);
			buildRules = (
			);
			dependencies = (
				58AD52122133ACE000F19388 /* PBXTargetDependency */,
			);
			name = "Example-iOSTests";
			productName = "Example-iOSTests";
			productReference = 58AD52102133ACE000F19388 /* Example-iOSTests.xctest */;
			productType = "com.apple.product-type.bundle.unit-test";
		};
		58AD521A2133ACE000F19388 /* Example-iOSUITests */ = {
			isa = PBXNativeTarget;
			buildConfigurationList = 58AD522A2133ACE000F19388 /* Build configuration list for PBXNativeTarget "Example-iOSUITests" */;
			buildPhases = (
				58AD52172133ACE000F19388 /* Sources */,
				58AD52182133ACE000F19388 /* Frameworks */,
				58AD52192133ACE000F19388 /* Resources */,
			);
			buildRules = (
			);
			dependencies = (
				58AD521D2133ACE000F19388 /* PBXTargetDependency */,
			);
			name = "Example-iOSUITests";
			productName = "Example-iOSUITests";
			productReference = 58AD521B2133ACE000F19388 /* Example-iOSUITests.xctest */;
			productType = "com.apple.product-type.bundle.ui-testing";
		};
/* End PBXNativeTarget section */

/* Begin PBXProject section */
		58AD51F42133ACDE00F19388 /* Project object */ = {
			isa = PBXProject;
			attributes = {
				LastSwiftUpdateCheck = 0940;
				LastUpgradeCheck = 0940;
				ORGANIZATIONNAME = "Yusuke Ohashi";
				TargetAttributes = {
					58AD51FB2133ACDE00F19388 = {
						CreatedOnToolsVersion = 9.4.1;
					};
					58AD520F2133ACE000F19388 = {
						CreatedOnToolsVersion = 9.4.1;
						TestTargetID = 58AD51FB2133ACDE00F19388;
					};
					58AD521A2133ACE000F19388 = {
						CreatedOnToolsVersion = 9.4.1;
						TestTargetID = 58AD51FB2133ACDE00F19388;
					};
				};
			};
			buildConfigurationList = 58AD51F72133ACDE00F19388 /* Build configuration list for PBXProject "Example-iOS" */;
			compatibilityVersion = "Xcode 9.3";
			developmentRegion = en;
			hasScannedForEncodings = 0;
			knownRegions = (
				en,
				Base,
			);
			mainGroup = 58AD51F32133ACDE00F19388;
			productRefGroup = 58AD51FD2133ACDE00F19388 /* Products */;
			projectDirPath = "";
			projectRoot = "";
			targets = (
				58AD51FB2133ACDE00F19388 /* Example-iOS */,
				58AD520F2133ACE000F19388 /* Example-iOSTests */,
				58AD521A2133ACE000F19388 /* Example-iOSUITests */,
			);
		};
/* End PBXProject section */

/* Begin PBXResourcesBuildPhase section */
		58AD51FA2133ACDE00F19388 /* Resources */ = {
			isa = PBXResourcesBuildPhase;
			buildActionMask = 2147483647;
			files = (
				58AD520A2133ACE000F19388 /* LaunchScreen.storyboard in Resources */,
				58AD52072133ACE000F19388 /* Assets.xcassets in Resources */,
				58AD52052133ACDF00F19388 /* Main.storyboard in Resources */,
			);
			runOnlyForDeploymentPostprocessing = 0;
		};
		58AD520E2133ACE000F19388 /* Resources */ = {
			isa = PBXResourcesBuildPhase;
			buildActionMask = 2147483647;
			files = (
			);
			runOnlyForDeploymentPostprocessing = 0;
		};
		58AD52192133ACE000F19388 /* Resources */ = {
			isa = PBXResourcesBuildPhase;
			buildActionMask = 2147483647;
			files = (
			);
			runOnlyForDeploymentPostprocessing = 0;
		};
/* End PBXResourcesBuildPhase section */

/* Begin PBXSourcesBuildPhase section */
		58AD51F82133ACDE00F19388 /* Sources */ = {
			isa = PBXSourcesBuildPhase;
			buildActionMask = 2147483647;
			files = (
				58AD52022133ACDF00F19388 /* ViewController.swift in Sources */,
				58AD52002133ACDE00F19388 /* AppDelegate.swift in Sources */,
			);
			runOnlyForDeploymentPostprocessing = 0;
		};
		58AD520C2133ACE000F19388 /* Sources */ = {
			isa = PBXSourcesBuildPhase;
			buildActionMask = 2147483647;
			files = (
				58AD52152133ACE000F19388 /* Example_iOSTests.swift in Sources */,
			);
			runOnlyForDeploymentPostprocessing = 0;
		};
		58AD52172133ACE000F19388 /* Sources */ = {
			isa = PBXSourcesBuildPhase;
			buildActionMask = 2147483647;
			files = (
				58AD52202133ACE000F19388 /* Example_iOSUITests.swift in Sources */,
			);
			runOnlyForDeploymentPostprocessing = 0;
		};
/* End PBXSourcesBuildPhase section */

/* Begin PBXTargetDependency section */
		58AD52122133ACE000F19388 /* PBXTargetDependency */ = {
			isa = PBXTargetDependency;
			target = 58AD51FB2133ACDE00F19388 /* Example-iOS */;
			targetProxy = 58AD52112133ACE000F19388 /* PBXContainerItemProxy */;
		};
		58AD521D2133ACE000F19388 /* PBXTargetDependency */ = {
			isa = PBXTargetDependency;
			target = 58AD51FB2133ACDE00F19388 /* Example-iOS */;
			targetProxy = 58AD521C2133ACE000F19388 /* PBXContainerItemProxy */;
		};
/* End PBXTargetDependency section */

/* Begin PBXVariantGroup section */
		58AD52032133ACDF00F19388 /* Main.storyboard */ = {
			isa = PBXVariantGroup;
			children = (
				58AD52042133ACDF00F19388 /* Base */,
			);
			name = Main.storyboard;
			sourceTree = "<group>";
		};
		58AD52082133ACE000F19388 /* LaunchScreen.storyboard */ = {
			isa = PBXVariantGroup;
			children = (
				58AD52092133ACE000F19388 /* Base */,
			);
			name = LaunchScreen.storyboard;
			sourceTree = "<group>";
		};
/* End PBXVariantGroup section */

/* Begin XCBuildConfiguration section */
		58AD52222133ACE000F19388 /* Debug */ = {
			isa = XCBuildConfiguration;
			buildSettings = {
				ALWAYS_SEARCH_USER_PATHS = NO;
				CLANG_ANALYZER_NONNULL = YES;
				CLANG_ANALYZER_NUMBER_OBJECT_CONVERSION = YES_AGGRESSIVE;
				CLANG_CXX_LANGUAGE_STANDARD = "gnu++14";
				CLANG_CXX_LIBRARY = "libc++";
				CLANG_ENABLE_MODULES = YES;
				CLANG_ENABLE_OBJC_ARC = YES;
				CLANG_ENABLE_OBJC_WEAK = YES;
				CLANG_WARN_BLOCK_CAPTURE_AUTORELEASING = YES;
				CLANG_WARN_BOOL_CONVERSION = YES;
				CLANG_WARN_COMMA = YES;
				CLANG_WARN_CONSTANT_CONVERSION = YES;
				CLANG_WARN_DEPRECATED_OBJC_IMPLEMENTATIONS = YES;
				CLANG_WARN_DIRECT_OBJC_ISA_USAGE = YES_ERROR;
				CLANG_WARN_DOCUMENTATION_COMMENTS = YES;
				CLANG_WARN_EMPTY_BODY = YES;
				CLANG_WARN_ENUM_CONVERSION = YES;
				CLANG_WARN_INFINITE_RECURSION = YES;
				CLANG_WARN_INT_CONVERSION = YES;
				CLANG_WARN_NON_LITERAL_NULL_CONVERSION = YES;
				CLANG_WARN_OBJC_IMPLICIT_RETAIN_SELF = YES;
				CLANG_WARN_OBJC_LITERAL_CONVERSION = YES;
				CLANG_WARN_OBJC_ROOT_CLASS = YES_ERROR;
				CLANG_WARN_RANGE_LOOP_ANALYSIS = YES;
				CLANG_WARN_STRICT_PROTOTYPES = YES;
				CLANG_WARN_SUSPICIOUS_MOVE = YES;
				CLANG_WARN_UNGUARDED_AVAILABILITY = YES_AGGRESSIVE;
				CLANG_WARN_UNREACHABLE_CODE = YES;
				CLANG_WARN__DUPLICATE_METHOD_MATCH = YES;
				CODE_SIGN_IDENTITY = "iPhone Developer";
				COPY_PHASE_STRIP = NO;
				DEBUG_INFORMATION_FORMAT = dwarf;
				ENABLE_STRICT_OBJC_MSGSEND = YES;
				ENABLE_TESTABILITY = YES;
				GCC_C_LANGUAGE_STANDARD = gnu11;
				GCC_DYNAMIC_NO_PIC = NO;
				GCC_NO_COMMON_BLOCKS = YES;
				GCC_OPTIMIZATION_LEVEL = 0;
				GCC_PREPROCESSOR_DEFINITIONS = (
					"DEBUG=1",
					"$(inherited)",
				);
				GCC_WARN_64_TO_32_BIT_CONVERSION = YES;
				GCC_WARN_ABOUT_RETURN_TYPE = YES_ERROR;
				GCC_WARN_UNDECLARED_SELECTOR = YES;
				GCC_WARN_UNINITIALIZED_AUTOS = YES_AGGRESSIVE;
				GCC_WARN_UNUSED_FUNCTION = YES;
				GCC_WARN_UNUSED_VARIABLE = YES;
				IPHONEOS_DEPLOYMENT_TARGET = 11.4;
				MTL_ENABLE_DEBUG_INFO = YES;
				ONLY_ACTIVE_ARCH = YES;
				SDKROOT = iphoneos;
				SWIFT_ACTIVE_COMPILATION_CONDITIONS = DEBUG;
				SWIFT_OPTIMIZATION_LEVEL = "-Onone";
			};
			name = Debug;
		};
		58AD52232133ACE000F19388 /* Release */ = {
			isa = XCBuildConfiguration;
			buildSettings = {
				ALWAYS_SEARCH_USER_PATHS = NO;
				CLANG_ANALYZER_NONNULL = YES;
				CLANG_ANALYZER_NUMBER_OBJECT_CONVERSION = YES_AGGRESSIVE;
				CLANG_CXX_LANGUAGE_STANDARD = "gnu++14";
				CLANG_CXX_LIBRARY = "libc++";
				CLANG_ENABLE_MODULES = YES;
				CLANG_ENABLE_OBJC_ARC = YES;
				CLANG_ENABLE_OBJC_WEAK = YES;
				CLANG_WARN_BLOCK_CAPTURE_AUTORELEASING = YES;
				CLANG_WARN_BOOL_CONVERSION = YES;
				CLANG_WARN_COMMA = YES;
				CLANG_WARN_CONSTANT_CONVERSION = YES;
				CLANG_WARN_DEPRECATED_OBJC_IMPLEMENTATIONS = YES;
				CLANG_WARN_DIRECT_OBJC_ISA_USAGE = YES_ERROR;
				CLANG_WARN_DOCUMENTATION_COMMENTS = YES;
				CLANG_WARN_EMPTY_BODY = YES;
				CLANG_WARN_ENUM_CONVERSION = YES;
				CLANG_WARN_INFINITE_RECURSION = YES;
				CLANG_WARN_INT_CONVERSION = YES;
				CLANG_WARN_NON_LITERAL_NULL_CONVERSION = YES;
				CLANG_WARN_OBJC_IMPLICIT_RETAIN_SELF = YES;
				CLANG_WARN_OBJC_LITERAL_CONVERSION = YES;
				CLANG_WARN_OBJC_ROOT_CLASS = YES_ERROR;
				CLANG_WARN_RANGE_LOOP_ANALYSIS = YES;
				CLANG_WARN_STRICT_PROTOTYPES = YES;
				CLANG_WARN_SUSPICIOUS_MOVE = YES;
				CLANG_WARN_UNGUARDED_AVAILABILITY = YES_AGGRESSIVE;
				CLANG_WARN_UNREACHABLE_CODE = YES;
				CLANG_WARN__DUPLICATE_METHOD_MATCH = YES;
				CODE_SIGN_IDENTITY = "iPhone Developer";
				COPY_PHASE_STRIP = NO;
				DEBUG_INFORMATION_FORMAT = "dwarf-with-dsym";
				ENABLE_NS_ASSERTIONS = NO;
				ENABLE_STRICT_OBJC_MSGSEND = YES;
				GCC_C_LANGUAGE_STANDARD = gnu11;
				GCC_NO_COMMON_BLOCKS = YES;
				GCC_WARN_64_TO_32_BIT_CONVERSION = YES;
				GCC_WARN_ABOUT_RETURN_TYPE = YES_ERROR;
				GCC_WARN_UNDECLARED_SELECTOR = YES;
				GCC_WARN_UNINITIALIZED_AUTOS = YES_AGGRESSIVE;
				GCC_WARN_UNUSED_FUNCTION = YES;
				GCC_WARN_UNUSED_VARIABLE = YES;
				IPHONEOS_DEPLOYMENT_TARGET = 11.4;
				MTL_ENABLE_DEBUG_INFO = NO;
				SDKROOT = iphoneos;
				SWIFT_COMPILATION_MODE = wholemodule;
				SWIFT_OPTIMIZATION_LEVEL = "-O";
				VALIDATE_PRODUCT = YES;
			};
			name = Release;
		};
		58AD52252133ACE000F19388 /* Debug */ = {
			isa = XCBuildConfiguration;
			buildSettings = {
				ASSETCATALOG_COMPILER_APPICON_NAME = AppIcon;
				CODE_SIGN_STYLE = Automatic;
				DEVELOPMENT_TEAM = KHFXF6N2QE;
				INFOPLIST_FILE = "Example-iOS/Info.plist";
				LD_RUNPATH_SEARCH_PATHS = (
					"$(inherited)",
					"@executable_path/Frameworks",
				);
				PRODUCT_BUNDLE_IDENTIFIER = "me.junkpiano.ios.Example-iOS";
				PRODUCT_NAME = "$(TARGET_NAME)";
				SWIFT_VERSION = 4.0;
				TARGETED_DEVICE_FAMILY = "1,2";
			};
			name = Debug;
		};
		58AD52262133ACE000F19388 /* Release */ = {
			isa = XCBuildConfiguration;
			buildSettings = {
				ASSETCATALOG_COMPILER_APPICON_NAME = AppIcon;
				CODE_SIGN_STYLE = Automatic;
				DEVELOPMENT_TEAM = KHFXF6N2QE;
				INFOPLIST_FILE = "Example-iOS/Info.plist";
				LD_RUNPATH_SEARCH_PATHS = (
					"$(inherited)",
					"@executable_path/Frameworks",
				);
				PRODUCT_BUNDLE_IDENTIFIER = "me.junkpiano.ios.Example-iOS";
				PRODUCT_NAME = "$(TARGET_NAME)";
				SWIFT_VERSION = 4.0;
				TARGETED_DEVICE_FAMILY = "1,2";
			};
			name = Release;
		};
		58AD52282133ACE000F19388 /* Debug */ = {
			isa = XCBuildConfiguration;
			buildSettings = {
				ALWAYS_EMBED_SWIFT_STANDARD_LIBRARIES = YES;
				BUNDLE_LOADER = "$(TEST_HOST)";
				CODE_SIGN_STYLE = Automatic;
				DEVELOPMENT_TEAM = KHFXF6N2QE;
				INFOPLIST_FILE = "Example-iOSTests/Info.plist";
				LD_RUNPATH_SEARCH_PATHS = (
					"$(inherited)",
					"@executable_path/Frameworks",
					"@loader_path/Frameworks",
				);
				PRODUCT_BUNDLE_IDENTIFIER = "me.junkpiano.ios.Example-iOSTests";
				PRODUCT_NAME = "$(TARGET_NAME)";
				SWIFT_VERSION = 4.0;
				TARGETED_DEVICE_FAMILY = "1,2";
				TEST_HOST = "$(BUILT_PRODUCTS_DIR)/Example-iOS.app/Example-iOS";
			};
			name = Debug;
		};
		58AD52292133ACE000F19388 /* Release */ = {
			isa = XCBuildConfiguration;
			buildSettings = {
				ALWAYS_EMBED_SWIFT_STANDARD_LIBRARIES = YES;
				BUNDLE_LOADER = "$(TEST_HOST)";
				CODE_SIGN_STYLE = Automatic;
				DEVELOPMENT_TEAM = KHFXF6N2QE;
				INFOPLIST_FILE = "Example-iOSTests/Info.plist";
				LD_RUNPATH_SEARCH_PATHS = (
					"$(inherited)",
					"@executable_path/Frameworks",
					"@loader_path/Frameworks",
				);
				PRODUCT_BUNDLE_IDENTIFIER = "me.junkpiano.ios.Example-iOSTests";
				PRODUCT_NAME = "$(TARGET_NAME)";
				SWIFT_VERSION = 4.0;
				TARGETED_DEVICE_FAMILY = "1,2";
				TEST_HOST = "$(BUILT_PRODUCTS_DIR)/Example-iOS.app/Example-iOS";
			};
			name = Release;
		};
		58AD522B2133ACE000F19388 /* Debug */ = {
			isa = XCBuildConfiguration;
			buildSettings = {
				ALWAYS_EMBED_SWIFT_STANDARD_LIBRARIES = YES;
				CODE_SIGN_STYLE = Automatic;
				DEVELOPMENT_TEAM = KHFXF6N2QE;
				INFOPLIST_FILE = "Example-iOSUITests/Info.plist";
				LD_RUNPATH_SEARCH_PATHS = (
					"$(inherited)",
					"@executable_path/Frameworks",
					"@loader_path/Frameworks",
				);
				PRODUCT_BUNDLE_IDENTIFIER = "me.junkpiano.ios.Example-iOSUITests";
				PRODUCT_NAME = "$(TARGET_NAME)";
				SWIFT_VERSION = 4.0;
				TARGETED_DEVICE_FAMILY = "1,2";
				TEST_TARGET_NAME = "Example-iOS";
			};
			name = Debug;
		};
		58AD522C2133ACE000F19388 /* Release */ = {
			isa = XCBuildConfiguration;
			buildSettings = {
				ALWAYS_EMBED_SWIFT_STANDARD_LIBRARIES = YES;
				CODE_SIGN_STYLE = Automatic;
				DEVELOPMENT_TEAM = KHFXF6N2QE;
				INFOPLIST_FILE = "Example-iOSUITests/Info.plist";
				LD_RUNPATH_SEARCH_PATHS = (
					"$(inherited)",
					"@executable_path/Frameworks",
					"@loader_path/Frameworks",
				);
				PRODUCT_BUNDLE_IDENTIFIER = "me.junkpiano.ios.Example-iOSUITests";
				PRODUCT_NAME = "$(TARGET_NAME)";
				SWIFT_VERSION = 4.0;
				TARGETED_DEVICE_FAMILY = "1,2";
				TEST_TARGET_NAME = "Example-iOS";
			};
			name = Release;
		};
/* End XCBuildConfiguration section */

/* Begin XCConfigurationList section */
		58AD51F72133ACDE00F19388 /* Build configuration list for PBXProject "Example-iOS" */ = {
			isa = XCConfigurationList;
			buildConfigurations = (
				58AD52222133ACE000F19388 /* Debug */,
				58AD52232133ACE000F19388 /* Release */,
			);
			defaultConfigurationIsVisible = 0;
			defaultConfigurationName = Release;
		};
		58AD52242133ACE000F19388 /* Build configuration list for PBXNativeTarget "Example-iOS" */ = {
			isa = XCConfigurationList;
			buildConfigurations = (
				58AD52252133ACE000F19388 /* Debug */,
				58AD52262133ACE000F19388 /* Release */,
			);
			defaultConfigurationIsVisible = 0;
			defaultConfigurationName = Release;
		};
		58AD52272133ACE000F19388 /* Build configuration list for PBXNativeTarget "Example-iOSTests" */ = {
			isa = XCConfigurationList;
			buildConfigurations = (
				58AD52282133ACE000F19388 /* Debug */,
				58AD52292133ACE000F19388 /* Release */,
			);
			defaultConfigurationIsVisible = 0;
			defaultConfigurationName = Release;
		};
		58AD522A2133ACE000F19388 /* Build configuration list for PBXNativeTarget "Example-iOSUITests" */ = {
			isa = XCConfigurationList;
			buildConfigurations = (
				58AD522B2133ACE000F19388 /* Debug */,
				58AD522C2133ACE000F19388 /* Release */,
			);
			defaultConfigurationIsVisible = 0;
			defaultConfigurationName = Release;
		};
/* End XCConfigurationList section */
	};
	rootObject = 58AD51F42133ACDE00F19388 /* Project object */;
}
